
Microsoft Visual Studio Solution File, Format Version 12.00
# Visual Studio Version 17
VisualStudioVersion = 17.10.34928.147
MinimumVisualStudioVersion = 10.0.40219.1
Project("{FAE04EC0-301F-11D3-BF4B-00C04F79EFBC}") = "SMK_Restaurant_API", "SMK_Restaurant_API\SMK_Restaurant_API.csproj", "{C7F50C1B-476D-43E4-8DD0-A0B2CA5A530B}"
EndProject
Global
	GlobalSection(SolutionConfigurationPlatforms) = preSolution
		Debug|Any CPU = Debug|Any CPU
		Release|Any CPU = Release|Any CPU
	EndGlobalSection
	GlobalSection(ProjectConfigurationPlatforms) = postSolution
		{C7F50C1B-476D-43E4-8DD0-A0B2CA5A530B}.Debug|Any CPU.ActiveCfg = Debug|Any CPU
		{C7F50C1B-476D-43E4-8DD0-A0B2CA5A530B}.Debug|Any CPU.Build.0 = Debug|Any CPU
		{C7F50C1B-476D-43E4-8DD0-A0B2CA5A530B}.Release|Any CPU.ActiveCfg = Release|Any CPU
		{C7F50C1B-476D-43E4-8DD0-A0B2CA5A530B}.Release|Any CPU.Build.0 = Release|Any CPU
	EndGlobalSection
	GlobalSection(SolutionProperties) = preSolution
		HideSolutionNode = FALSE
	EndGlobalSection
	GlobalSection(ExtensibilityGlobals) = postSolution
		SolutionGuid = {74833197-FE61-41C1-B7D6-29CCB9A71949}
	EndGlobalSection
EndGlobal
